
Microsoft Visual Studio Solution File, Format Version 12.00
# Visual Studio Version 16
VisualStudioVersion = 16.0.30204.135
MinimumVisualStudioVersion = 10.0.40219.1
Project("{9092AA53-FB77-4645-B42D-1CCCA6BD08BD}") = "DSMongoDBApi", "DSMongoDBApi\DSMongoDBApi.njsproj", "{AD0A70B5-5067-4015-8863-BF90D5876835}"
EndProject
Global
	GlobalSection(SolutionConfigurationPlatforms) = preSolution
		Debug|Any CPU = Debug|Any CPU
		Release|Any CPU = Release|Any CPU
	EndGlobalSection
	GlobalSection(ProjectConfigurationPlatforms) = postSolution
		{AD0A70B5-5067-4015-8863-BF90D5876835}.Debug|Any CPU.ActiveCfg = Debug|Any CPU
		{AD0A70B5-5067-4015-8863-BF90D5876835}.Debug|Any CPU.Build.0 = Debug|Any CPU
		{AD0A70B5-5067-4015-8863-BF90D5876835}.Release|Any CPU.ActiveCfg = Release|Any CPU
		{AD0A70B5-5067-4015-8863-BF90D5876835}.Release|Any CPU.Build.0 = Release|Any CPU
	EndGlobalSection
	GlobalSection(SolutionProperties) = preSolution
		HideSolutionNode = FALSE
	EndGlobalSection
	GlobalSection(ExtensibilityGlobals) = postSolution
		SolutionGuid = {A0DAFB96-855A-4154-8B23-51D894E3B51E}
	EndGlobalSection
EndGlobal
